github.com/itsmontoya/maxmind v0.0.0-20161118163341-5ea29e73b112 h1:iFDl99WGtIv/KoM1T+smBJBAznwwXrh5DpBvPsqhkx8=
github.com/itsmontoya/maxmind v0.0.0-20161118163341-5ea29e73b112/go.mod h1:up/JvMhANkBCBR7lKCrpGONOdF96I93WoyK/0RmpDRY=
github.com/itsmontoya/pip v0.1.0 h1:+VfUH3sS+NFFjagCOjla8ZtRUrfKEWTH3ghmM/EwC9E=
github.com/itsmontoya/pip v0.1.0/go.mod h1:4nBaKdbklTBcnmSOYdb7G+jmKEOsluQ+BZstAbrmDV4=
